
Microsoft Visual Studio Solution File, Format Version 12.00
# Visual Studio Version 17
VisualStudioVersion = 17.6.33723.286
MinimumVisualStudioVersion = 10.0.40219.1
Project("{FAE04EC0-301F-11D3-BF4B-00C04F79EFBC}") = "fruit ninja2", "fruit ninja2\fruit ninja2.csproj", "{2CB68546-E907-4E52-8EFC-8B2CEACD4E89}"
EndProject
Global
	GlobalSection(SolutionConfigurationPlatforms) = preSolution
		Debug|Any CPU = Debug|Any CPU
		Release|Any CPU = Release|Any CPU
	EndGlobalSection
	GlobalSection(ProjectConfigurationPlatforms) = postSolution
		{2CB68546-E907-4E52-8EFC-8B2CEACD4E89}.Debug|Any CPU.ActiveCfg = Debug|Any CPU
		{2CB68546-E907-4E52-8EFC-8B2CEACD4E89}.Debug|Any CPU.Build.0 = Debug|Any CPU
		{2CB68546-E907-4E52-8EFC-8B2CEACD4E89}.Release|Any CPU.ActiveCfg = Release|Any CPU
		{2CB68546-E907-4E52-8EFC-8B2CEACD4E89}.Release|Any CPU.Build.0 = Release|Any CPU
	EndGlobalSection
	GlobalSection(SolutionProperties) = preSolution
		HideSolutionNode = FALSE
	EndGlobalSection
	GlobalSection(ExtensibilityGlobals) = postSolution
		SolutionGuid = {A59B9D4B-A6F4-4A08-89A1-67FD2E6BCE4C}
	EndGlobalSection
EndGlobal
